{
  "name": "lavacahacemu",
  "version": "1.0.3",
  "lockfileVersion": 2,
  "requires": true,
  "packages": {
    "": {
      "version": "1.0.3",
      "engines": {
        "node": ">=14"
      }
    },
    "../md2html": {
      "version": "0.0.1",
      "extraneous": true,
      "license": "MIT",
      "devDependencies": {
        "gulp": "^4.0.2",
        "jasmine": "^3.7.0",
        "jasmine-spec-reporter": "^7.0.0"
      }
    }
  }
}
