{
  "name": "lavacahacemu",
  "version": "1.0.3",
  "lockfileVersion": 2,
  "requires": true,
  "packages": {
    "": {
      "version": "1.0.3",
      "dependencies": {
        "md2html": "file:../md2html"
      },
      "engines": {
        "node": ">=14"
      }
    },
    "../md2html": {
      "version": "0.0.1",
      "license": "MIT",
      "devDependencies": {
        "gulp": "^4.0.2",
        "jasmine": "^3.7.0",
        "jasmine-spec-reporter": "^7.0.0"
      }
    },
    "node_modules/md2html": {
      "resolved": "../md2html",
      "link": true
    }
  },
  "dependencies": {
    "md2html": {
      "version": "file:../md2html",
      "requires": {
        "gulp": "^4.0.2",
        "jasmine": "^3.7.0",
        "jasmine-spec-reporter": "^7.0.0"
      }
    }
  }
}
